PODS:
  - Charts (3.6.0):
    - Charts/Core (= 3.6.0)
  - Charts/Core (3.6.0)
  - lottie-ios (3.1.8)
  - UnifyID-Core (4.4.0)
  - UnifyID-GaitAuth (4.4.0):
    - UnifyID-Core (~> 4.4.0)
  - UnifyID/GaitAuth (4.4.0):
    - UnifyID-GaitAuth (~> 4.4.0)

DEPENDENCIES:
  - Charts
  - lottie-ios
  - UnifyID/GaitAuth

SPEC REPOS:
  trunk:
    - Charts
    - lottie-ios
    - UnifyID
    - UnifyID-Core
    - UnifyID-GaitAuth

SPEC CHECKSUMS:
  Charts: b1e3a1f5a1c9ba5394438ca3b91bd8c9076310af
  lottie-ios: 48fac6be217c76937e36e340e2d09cf7b10b7f5f
  UnifyID: 2187ddd7906eaa7fa190b2e2f87625a847503ff7
  UnifyID-Core: d8208469b57ac0927c1bbbaee7ca162e8062acab
  UnifyID-GaitAuth: fdda770ab8017f70dd3ff8f2484d1d8744773686

PODFILE CHECKSUM: ab4748bc0d906df47860e0a5f9e81f8390e670ea

COCOAPODS: 1.10.0
